
Microsoft Visual Studio Solution File, Format Version 12.00
# Visual Studio Version 16
VisualStudioVersion = 16.0.30907.101
MinimumVisualStudioVersion = 10.0.40219.1
Project("{FAE04EC0-301F-11D3-BF4B-00C04F79EFBC}") = "QuanLyFile", "QuanLyFile\QuanLyFile.csproj", "{F3DB1525-B6D5-4EAB-89A6-66B528581F63}"
EndProject
Project("{FAE04EC0-301F-11D3-BF4B-00C04F79EFBC}") = "Common", "Common\Common.csproj", "{755BC9AF-F9FE-4642-AF92-E19CB1FF9B9E}"
EndProject
Project("{FAE04EC0-301F-11D3-BF4B-00C04F79EFBC}") = "Model", "Model\Model.csproj", "{D13E9D71-B237-474D-B48E-D8F5FD3878FB}"
EndProject
Global
	GlobalSection(SolutionConfigurationPlatforms) = preSolution
		Debug|Any CPU = Debug|Any CPU
		Release|Any CPU = Release|Any CPU
	EndGlobalSection
	GlobalSection(ProjectConfigurationPlatforms) = postSolution
		{F3DB1525-B6D5-4EAB-89A6-66B528581F63}.Debug|Any CPU.ActiveCfg = Debug|Any CPU
		{F3DB1525-B6D5-4EAB-89A6-66B528581F63}.Debug|Any CPU.Build.0 = Debug|Any CPU
		{F3DB1525-B6D5-4EAB-89A6-66B528581F63}.Release|Any CPU.ActiveCfg = Release|Any CPU
		{F3DB1525-B6D5-4EAB-89A6-66B528581F63}.Release|Any CPU.Build.0 = Release|Any CPU
		{755BC9AF-F9FE-4642-AF92-E19CB1FF9B9E}.Debug|Any CPU.ActiveCfg = Debug|Any CPU
		{755BC9AF-F9FE-4642-AF92-E19CB1FF9B9E}.Debug|Any CPU.Build.0 = Debug|Any CPU
		{755BC9AF-F9FE-4642-AF92-E19CB1FF9B9E}.Release|Any CPU.ActiveCfg = Release|Any CPU
		{755BC9AF-F9FE-4642-AF92-E19CB1FF9B9E}.Release|Any CPU.Build.0 = Release|Any CPU
		{D13E9D71-B237-474D-B48E-D8F5FD3878FB}.Debug|Any CPU.ActiveCfg = Debug|Any CPU
		{D13E9D71-B237-474D-B48E-D8F5FD3878FB}.Debug|Any CPU.Build.0 = Debug|Any CPU
		{D13E9D71-B237-474D-B48E-D8F5FD3878FB}.Release|Any CPU.ActiveCfg = Release|Any CPU
		{D13E9D71-B237-474D-B48E-D8F5FD3878FB}.Release|Any CPU.Build.0 = Release|Any CPU
	EndGlobalSection
	GlobalSection(SolutionProperties) = preSolution
		HideSolutionNode = FALSE
	EndGlobalSection
	GlobalSection(ExtensibilityGlobals) = postSolution
		SolutionGuid = {7AC17C94-7896-4F25-98C7-3CD25E318214}
	EndGlobalSection
EndGlobal
